
Microsoft Visual Studio Solution File, Format Version 12.00
# Visual Studio Version 16
VisualStudioVersion = 16.0.30204.135
MinimumVisualStudioVersion = 10.0.40219.1
Project("{FAE04EC0-301F-11D3-BF4B-00C04F79EFBC}") = "001DefaultWebAPI", "001DefaultWebAPI\001DefaultWebAPI.csproj", "{0333D4A4-4148-4751-BD9F-5F36F7DAFE52}"
EndProject
Project("{FAE04EC0-301F-11D3-BF4B-00C04F79EFBC}") = "001FirstWebAPI", "001FirstWebAPI\001FirstWebAPI.csproj", "{4108EDAD-FDFB-4F5B-A29E-938E7565069A}"
EndProject
Project("{FAE04EC0-301F-11D3-BF4B-00C04F79EFBC}") = "004WebAPIRouting", "004WebAPIRouting\004WebAPIRouting.csproj", "{F14D92FF-86BF-417B-9ACA-272A7F43CD68}"
EndProject
Project("{FAE04EC0-301F-11D3-BF4B-00C04F79EFBC}") = "005WebAPIParameterBinding", "005WebAPIParameterBinding\005WebAPIParameterBinding.csproj", "{EF2F1220-F73F-4471-9845-A3BC5241DBAF}"
EndProject
Project("{FAE04EC0-301F-11D3-BF4B-00C04F79EFBC}") = "DependencyInjection", "DependencyInjection\DependencyInjection.csproj", "{1A73EBA0-2E4C-4D5C-9052-33F66BB66B38}"
EndProject
Project("{FAE04EC0-301F-11D3-BF4B-00C04F79EFBC}") = "006WebAPI_WithEF_AND_MVC", "006WebAPI_WithEF_AND_MVC\006WebAPI_WithEF_AND_MVC.csproj", "{12D25866-FB95-487D-B976-BCF9211C982C}"
EndProject
Project("{FAE04EC0-301F-11D3-BF4B-00C04F79EFBC}") = "008WebAPICrud", "008WebAPICrud\008WebAPICrud.csproj", "{D3ECD6ED-36BB-48AF-AE67-B1652F834D7E}"
EndProject
Project("{2150E333-8FDC-42A3-9474-1A3956D46DE8}") = "Solution Items", "Solution Items", "{1E2A0536-0184-4A47-9054-ADB082C958A6}"
	ProjectSection(SolutionItems) = preProject
		Agenda.txt = Agenda.txt
		EF Szenario.txt = EF Szenario.txt
	EndProjectSection
EndProject
Global
	GlobalSection(SolutionConfigurationPlatforms) = preSolution
		Debug|Any CPU = Debug|Any CPU
		Release|Any CPU = Release|Any CPU
	EndGlobalSection
	GlobalSection(ProjectConfigurationPlatforms) = postSolution
		{0333D4A4-4148-4751-BD9F-5F36F7DAFE52}.Debug|Any CPU.ActiveCfg = Debug|Any CPU
		{0333D4A4-4148-4751-BD9F-5F36F7DAFE52}.Debug|Any CPU.Build.0 = Debug|Any CPU
		{0333D4A4-4148-4751-BD9F-5F36F7DAFE52}.Release|Any CPU.ActiveCfg = Release|Any CPU
		{0333D4A4-4148-4751-BD9F-5F36F7DAFE52}.Release|Any CPU.Build.0 = Release|Any CPU
		{4108EDAD-FDFB-4F5B-A29E-938E7565069A}.Debug|Any CPU.ActiveCfg = Debug|Any CPU
		{4108EDAD-FDFB-4F5B-A29E-938E7565069A}.Debug|Any CPU.Build.0 = Debug|Any CPU
		{4108EDAD-FDFB-4F5B-A29E-938E7565069A}.Release|Any CPU.ActiveCfg = Release|Any CPU
		{4108EDAD-FDFB-4F5B-A29E-938E7565069A}.Release|Any CPU.Build.0 = Release|Any CPU
		{F14D92FF-86BF-417B-9ACA-272A7F43CD68}.Debug|Any CPU.ActiveCfg = Debug|Any CPU
		{F14D92FF-86BF-417B-9ACA-272A7F43CD68}.Debug|Any CPU.Build.0 = Debug|Any CPU
		{F14D92FF-86BF-417B-9ACA-272A7F43CD68}.Release|Any CPU.ActiveCfg = Release|Any CPU
		{F14D92FF-86BF-417B-9ACA-272A7F43CD68}.Release|Any CPU.Build.0 = Release|Any CPU
		{EF2F1220-F73F-4471-9845-A3BC5241DBAF}.Debug|Any CPU.ActiveCfg = Debug|Any CPU
		{EF2F1220-F73F-4471-9845-A3BC5241DBAF}.Debug|Any CPU.Build.0 = Debug|Any CPU
		{EF2F1220-F73F-4471-9845-A3BC5241DBAF}.Release|Any CPU.ActiveCfg = Release|Any CPU
		{EF2F1220-F73F-4471-9845-A3BC5241DBAF}.Release|Any CPU.Build.0 = Release|Any CPU
		{1A73EBA0-2E4C-4D5C-9052-33F66BB66B38}.Debug|Any CPU.ActiveCfg = Debug|Any CPU
		{1A73EBA0-2E4C-4D5C-9052-33F66BB66B38}.Debug|Any CPU.Build.0 = Debug|Any CPU
		{1A73EBA0-2E4C-4D5C-9052-33F66BB66B38}.Release|Any CPU.ActiveCfg = Release|Any CPU
		{1A73EBA0-2E4C-4D5C-9052-33F66BB66B38}.Release|Any CPU.Build.0 = Release|Any CPU
		{12D25866-FB95-487D-B976-BCF9211C982C}.Debug|Any CPU.ActiveCfg = Debug|Any CPU
		{12D25866-FB95-487D-B976-BCF9211C982C}.Debug|Any CPU.Build.0 = Debug|Any CPU
		{12D25866-FB95-487D-B976-BCF9211C982C}.Release|Any CPU.ActiveCfg = Release|Any CPU
		{12D25866-FB95-487D-B976-BCF9211C982C}.Release|Any CPU.Build.0 = Release|Any CPU
		{D3ECD6ED-36BB-48AF-AE67-B1652F834D7E}.Debug|Any CPU.ActiveCfg = Debug|Any CPU
		{D3ECD6ED-36BB-48AF-AE67-B1652F834D7E}.Debug|Any CPU.Build.0 = Debug|Any CPU
		{D3ECD6ED-36BB-48AF-AE67-B1652F834D7E}.Release|Any CPU.ActiveCfg = Release|Any CPU
		{D3ECD6ED-36BB-48AF-AE67-B1652F834D7E}.Release|Any CPU.Build.0 = Release|Any CPU
	EndGlobalSection
	GlobalSection(SolutionProperties) = preSolution
		HideSolutionNode = FALSE
	EndGlobalSection
	GlobalSection(ExtensibilityGlobals) = postSolution
		SolutionGuid = {9CFD852A-8894-4088-8928-BE7187E81887}
	EndGlobalSection
EndGlobal
